
Microsoft Visual Studio Solution File, Format Version 12.00
# Visual Studio Version 16
VisualStudioVersion = 16.0.29009.5
MinimumVisualStudioVersion = 10.0.40219.1
Project("{FAE04EC0-301F-11D3-BF4B-00C04F79EFBC}") = "ZooProject", "ZooProject.csproj", "{65C7FCBE-0C2E-43F8-AB60-94054DDDFA54}"
EndProject
Global
	GlobalSection(SolutionConfigurationPlatforms) = preSolution
		Debug|Any CPU = Debug|Any CPU
		Release|Any CPU = Release|Any CPU
	EndGlobalSection
	GlobalSection(ProjectConfigurationPlatforms) = postSolution
		{65C7FCBE-0C2E-43F8-AB60-94054DDDFA54}.Debug|Any CPU.ActiveCfg = Debug|Any CPU
		{65C7FCBE-0C2E-43F8-AB60-94054DDDFA54}.Debug|Any CPU.Build.0 = Debug|Any CPU
		{65C7FCBE-0C2E-43F8-AB60-94054DDDFA54}.Release|Any CPU.ActiveCfg = Release|Any CPU
		{65C7FCBE-0C2E-43F8-AB60-94054DDDFA54}.Release|Any CPU.Build.0 = Release|Any CPU
	EndGlobalSection
	GlobalSection(SolutionProperties) = preSolution
		HideSolutionNode = FALSE
	EndGlobalSection
	GlobalSection(ExtensibilityGlobals) = postSolution
		SolutionGuid = {E45D26AF-7219-4829-8866-59614E20D0BB}
	EndGlobalSection
EndGlobal
